PODS:
  - Alamofire (4.8.2)
  - AlamofireImage (3.5.2):
    - Alamofire (~> 4.8)
  - NVActivityIndicatorView (4.7.0):
    - NVActivityIndicatorView/Presenter (= 4.7.0)
  - NVActivityIndicatorView/Presenter (4.7.0)
  - SVProgressHUD (2.2.5)
  - SwiftLint (0.33.0)
  - SwiftyJSON (4.3.0)

DEPENDENCIES:
  - Alamofire (~> 4.6)
  - AlamofireImage (~> 3.3)
  - NVActivityIndicatorView
  - SVProgressHUD (~> 2.2)
  - SwiftLint
  - SwiftyJSON (~> 4.0)

SPEC REPOS:
  https://github.com/cocoapods/specs.git:
    - Alamofire
    - AlamofireImage
    - NVActivityIndicatorView
    - SVProgressHUD
    - SwiftLint
    - SwiftyJSON

SPEC CHECKSUMS:
  Alamofire: ae5c501addb7afdbb13687d7f2f722c78734c2d3
  AlamofireImage: 63cfe3baf1370be6c498149687cf6db3e3b00999
  NVActivityIndicatorView: b19ddab2576f805cbe0fb2306cba3476e09a1dea
  SVProgressHUD: 1428aafac632c1f86f62aa4243ec12008d7a51d6
  SwiftLint: fed9c66336e41fc74dc48a73678380718f0c8b0e
  SwiftyJSON: 6faa0040f8b59dead0ee07436cbf76b73c08fd08

PODFILE CHECKSUM: 61aa55a154600585b97ab239da761153dab95962

COCOAPODS: 1.5.3
